
Microsoft Visual Studio Solution File, Format Version 12.00
# Visual Studio Version 17
VisualStudioVersion = 17.3.32825.248
MinimumVisualStudioVersion = 10.0.40219.1
Project("{8BC9CEB8-8B4A-11D0-8D11-00A0C91BC942}") = "Bai1", "Bai1\Bai1.vcxproj", "{8C42C199-ED9C-4CA5-965B-82BDC97EE12F}"
EndProject
Global
	GlobalSection(SolutionConfigurationPlatforms) = preSolution
		Debug|x64 = Debug|x64
		Debug|x86 = Debug|x86
		Release|x64 = Release|x64
		Release|x86 = Release|x86
	EndGlobalSection
	GlobalSection(ProjectConfigurationPlatforms) = postSolution
		{8C42C199-ED9C-4CA5-965B-82BDC97EE12F}.Debug|x64.ActiveCfg = Debug|x64
		{8C42C199-ED9C-4CA5-965B-82BDC97EE12F}.Debug|x64.Build.0 = Debug|x64
		{8C42C199-ED9C-4CA5-965B-82BDC97EE12F}.Debug|x86.ActiveCfg = Debug|Win32
		{8C42C199-ED9C-4CA5-965B-82BDC97EE12F}.Debug|x86.Build.0 = Debug|Win32
		{8C42C199-ED9C-4CA5-965B-82BDC97EE12F}.Release|x64.ActiveCfg = Release|x64
		{8C42C199-ED9C-4CA5-965B-82BDC97EE12F}.Release|x64.Build.0 = Release|x64
		{8C42C199-ED9C-4CA5-965B-82BDC97EE12F}.Release|x86.ActiveCfg = Release|Win32
		{8C42C199-ED9C-4CA5-965B-82BDC97EE12F}.Release|x86.Build.0 = Release|Win32
	EndGlobalSection
	GlobalSection(SolutionProperties) = preSolution
		HideSolutionNode = FALSE
	EndGlobalSection
	GlobalSection(ExtensibilityGlobals) = postSolution
		SolutionGuid = {793C1C99-D638-490F-802B-83D8CD87E3C2}
	EndGlobalSection
EndGlobal
